
Microsoft Visual Studio Solution File, Format Version 12.00
# Visual Studio Version 17
VisualStudioVersion = 17.11.35312.102
MinimumVisualStudioVersion = 10.0.40219.1
Project("{FAE04EC0-301F-11D3-BF4B-00C04F79EFBC}") = "edytortekstu", "edytortekstu\edytortekstu.csproj", "{943CA963-5797-4200-9AA0-4CD31CE3F3B1}"
EndProject
Global
	GlobalSection(SolutionConfigurationPlatforms) = preSolution
		Debug|Any CPU = Debug|Any CPU
		Release|Any CPU = Release|Any CPU
	EndGlobalSection
	GlobalSection(ProjectConfigurationPlatforms) = postSolution
		{943CA963-5797-4200-9AA0-4CD31CE3F3B1}.Debug|Any CPU.ActiveCfg = Debug|Any CPU
		{943CA963-5797-4200-9AA0-4CD31CE3F3B1}.Debug|Any CPU.Build.0 = Debug|Any CPU
		{943CA963-5797-4200-9AA0-4CD31CE3F3B1}.Release|Any CPU.ActiveCfg = Release|Any CPU
		{943CA963-5797-4200-9AA0-4CD31CE3F3B1}.Release|Any CPU.Build.0 = Release|Any CPU
	EndGlobalSection
	GlobalSection(SolutionProperties) = preSolution
		HideSolutionNode = FALSE
	EndGlobalSection
	GlobalSection(ExtensibilityGlobals) = postSolution
		SolutionGuid = {80ECB177-9B5F-4782-A8E3-27838BA2C5A9}
	EndGlobalSection
EndGlobal
